github.com/fsnotify/fsnotify v1.4.9 h1:hsms1Qyu0jgnwNXIxa+/V/PDsU6CfLf6CNO8H7IWoS4=
github.com/fsnotify/fsnotify v1.4.9/go.mod h1:znqG4EE+3YCdAaPaxE2ZRY/06pZUdp0tY4IgpuI1SZQ=
github.com/seago/go-colortext v0.0.0-20140408115601-27229eb347e5 h1:Ue3LBjyx4e7Y2MnfxR5A0WYuwIeXFxS1nilYcuE4kp8=
github.com/seago/go-colortext v0.0.0-20140408115601-27229eb347e5/go.mod h1:4XD3q6KycdxRcbZ/OyOjGb5F1IN1FNaZ6B+8VFDMcl0=
golang.org/x/sys v0.0.0-20191005200804-aed5e4c7ecf9 h1:L2auWcuQIvxz9xSEqzESnV/QN/gNRXNApHi3fYwl2w0=
golang.org/x/sys v0.0.0-20191005200804-aed5e4c7ecf9/go.mod h1:h1NjWce9XRLGQEsW7wpKNCjG9DtNlClVuFLEZdDNbEs=
